
Microsoft Visual Studio Solution File, Format Version 12.00
# Visual Studio Version 17
VisualStudioVersion = 17.0.31815.197
MinimumVisualStudioVersion = 10.0.40219.1
Project("{2150E333-8FDC-42A3-9474-1A3956D46DE8}") = "Application Business Rules", "Application Business Rules", "{1B7BF33D-9F25-4871-9159-C35F90C75C6D}"
EndProject
Project("{2150E333-8FDC-42A3-9474-1A3956D46DE8}") = "Enterprise Business Rules", "Enterprise Business Rules", "{830EFE30-38C3-41FD-B111-2AA57DF3CF72}"
EndProject
Project("{2150E333-8FDC-42A3-9474-1A3956D46DE8}") = "Frameworks And Drivers", "Frameworks And Drivers", "{D188CF39-785B-40F4-A849-5F5723171001}"
EndProject
Project("{2150E333-8FDC-42A3-9474-1A3956D46DE8}") = "Interface Adapters", "Interface Adapters", "{FF7740AA-347C-438A-80D3-0348436C1D0F}"
EndProject
Project("{9A19103F-16F7-4668-BE54-9A1E7A4F7556}") = "Chat.Entities", "Chat.Entities\Chat.Entities.csproj", "{0B7DD2C3-FE27-4C12-922A-B43FED78571A}"
EndProject
Project("{2150E333-8FDC-42A3-9474-1A3956D46DE8}") = "Gateways", "Gateways", "{6A1C8BAE-7352-42B6-B120-BFDE5A77443B}"
EndProject
Project("{9A19103F-16F7-4668-BE54-9A1E7A4F7556}") = "Chat.Repositories.EFCore", "Chat.Repositories.EFCore\Chat.Repositories.EFCore.csproj", "{20CC51BA-1C16-41F9-8F19-1EB82F22720E}"
EndProject
Project("{9A19103F-16F7-4668-BE54-9A1E7A4F7556}") = "Chat.UseCasesDTOs", "Chat.UseCasesDTOs\Chat.UseCasesDTOs.csproj", "{F40C5EA5-6C88-4923-8748-E24535EF5E2B}"
EndProject
Project("{9A19103F-16F7-4668-BE54-9A1E7A4F7556}") = "Chat.UseCases", "Chat.UseCases\Chat.UseCases.csproj", "{4550CE0B-79FB-4CBB-A7FF-75F35DFDF7EB}"
EndProject
Project("{9A19103F-16F7-4668-BE54-9A1E7A4F7556}") = "Chat.IoC", "Chat.IoC\Chat.IoC.csproj", "{7C74DB6E-CABA-46BE-915E-17D829E220F0}"
EndProject
Project("{2150E333-8FDC-42A3-9474-1A3956D46DE8}") = "Presenters", "Presenters", "{49448D49-1E4E-44BD-9154-BF1F813C6586}"
EndProject
Project("{9A19103F-16F7-4668-BE54-9A1E7A4F7556}") = "Chat.WebExceptionsPresenter", "Chat.WebExceptionsPresenter\Chat.WebExceptionsPresenter.csproj", "{598FE09E-1AAE-4E07-8AC1-DD102EB954BE}"
EndProject
Project("{FAE04EC0-301F-11D3-BF4B-00C04F79EFBC}") = "Chat.Presenters", "Chat.Presenters\Chat.Presenters.csproj", "{5447ED44-561D-4484-A33E-F9E72C05CBF4}"
EndProject
Project("{2150E333-8FDC-42A3-9474-1A3956D46DE8}") = "Controllers", "Controllers", "{3E1F7C94-F24B-4063-8548-80B643737A32}"
EndProject
Project("{FAE04EC0-301F-11D3-BF4B-00C04F79EFBC}") = "Chat.Controllers", "Chat.Controllers\Chat.Controllers.csproj", "{9C4E4344-5738-43E6-92DA-0ADBF7A9D96D}"
EndProject
Project("{2150E333-8FDC-42A3-9474-1A3956D46DE8}") = "UI", "UI", "{F55BA1A3-9B63-4D3C-9177-1D1BBF1E47F2}"
EndProject
Project("{FAE04EC0-301F-11D3-BF4B-00C04F79EFBC}") = "Chat.WebApi", "Chat.WebApi\Chat.WebApi.csproj", "{408F76FD-9447-40E2-A661-4106EC5E24D2}"
EndProject
Project("{FAE04EC0-301F-11D3-BF4B-00C04F79EFBC}") = "Chat.ChatWebBrowser", "Chat.ChatWebBrowser\Chat.ChatWebBrowser.csproj", "{94C5DE6F-1887-4B78-8EA7-B845FBDDF79F}"
EndProject
Global
	GlobalSection(SolutionConfigurationPlatforms) = preSolution
		Debug|Any CPU = Debug|Any CPU
		Release|Any CPU = Release|Any CPU
	EndGlobalSection
	GlobalSection(ProjectConfigurationPlatforms) = postSolution
		{0B7DD2C3-FE27-4C12-922A-B43FED78571A}.Debug|Any CPU.ActiveCfg = Debug|Any CPU
		{0B7DD2C3-FE27-4C12-922A-B43FED78571A}.Debug|Any CPU.Build.0 = Debug|Any CPU
		{0B7DD2C3-FE27-4C12-922A-B43FED78571A}.Release|Any CPU.ActiveCfg = Release|Any CPU
		{0B7DD2C3-FE27-4C12-922A-B43FED78571A}.Release|Any CPU.Build.0 = Release|Any CPU
		{20CC51BA-1C16-41F9-8F19-1EB82F22720E}.Debug|Any CPU.ActiveCfg = Debug|Any CPU
		{20CC51BA-1C16-41F9-8F19-1EB82F22720E}.Debug|Any CPU.Build.0 = Debug|Any CPU
		{20CC51BA-1C16-41F9-8F19-1EB82F22720E}.Release|Any CPU.ActiveCfg = Release|Any CPU
		{20CC51BA-1C16-41F9-8F19-1EB82F22720E}.Release|Any CPU.Build.0 = Release|Any CPU
		{F40C5EA5-6C88-4923-8748-E24535EF5E2B}.Debug|Any CPU.ActiveCfg = Debug|Any CPU
		{F40C5EA5-6C88-4923-8748-E24535EF5E2B}.Debug|Any CPU.Build.0 = Debug|Any CPU
		{F40C5EA5-6C88-4923-8748-E24535EF5E2B}.Release|Any CPU.ActiveCfg = Release|Any CPU
		{F40C5EA5-6C88-4923-8748-E24535EF5E2B}.Release|Any CPU.Build.0 = Release|Any CPU
		{4550CE0B-79FB-4CBB-A7FF-75F35DFDF7EB}.Debug|Any CPU.ActiveCfg = Debug|Any CPU
		{4550CE0B-79FB-4CBB-A7FF-75F35DFDF7EB}.Debug|Any CPU.Build.0 = Debug|Any CPU
		{4550CE0B-79FB-4CBB-A7FF-75F35DFDF7EB}.Release|Any CPU.ActiveCfg = Release|Any CPU
		{4550CE0B-79FB-4CBB-A7FF-75F35DFDF7EB}.Release|Any CPU.Build.0 = Release|Any CPU
		{7C74DB6E-CABA-46BE-915E-17D829E220F0}.Debug|Any CPU.ActiveCfg = Debug|Any CPU
		{7C74DB6E-CABA-46BE-915E-17D829E220F0}.Debug|Any CPU.Build.0 = Debug|Any CPU
		{7C74DB6E-CABA-46BE-915E-17D829E220F0}.Release|Any CPU.ActiveCfg = Release|Any CPU
		{7C74DB6E-CABA-46BE-915E-17D829E220F0}.Release|Any CPU.Build.0 = Release|Any CPU
		{598FE09E-1AAE-4E07-8AC1-DD102EB954BE}.Debug|Any CPU.ActiveCfg = Debug|Any CPU
		{598FE09E-1AAE-4E07-8AC1-DD102EB954BE}.Debug|Any CPU.Build.0 = Debug|Any CPU
		{598FE09E-1AAE-4E07-8AC1-DD102EB954BE}.Release|Any CPU.ActiveCfg = Release|Any CPU
		{598FE09E-1AAE-4E07-8AC1-DD102EB954BE}.Release|Any CPU.Build.0 = Release|Any CPU
		{5447ED44-561D-4484-A33E-F9E72C05CBF4}.Debug|Any CPU.ActiveCfg = Debug|Any CPU
		{5447ED44-561D-4484-A33E-F9E72C05CBF4}.Debug|Any CPU.Build.0 = Debug|Any CPU
		{5447ED44-561D-4484-A33E-F9E72C05CBF4}.Release|Any CPU.ActiveCfg = Release|Any CPU
		{5447ED44-561D-4484-A33E-F9E72C05CBF4}.Release|Any CPU.Build.0 = Release|Any CPU
		{9C4E4344-5738-43E6-92DA-0ADBF7A9D96D}.Debug|Any CPU.ActiveCfg = Debug|Any CPU
		{9C4E4344-5738-43E6-92DA-0ADBF7A9D96D}.Debug|Any CPU.Build.0 = Debug|Any CPU
		{9C4E4344-5738-43E6-92DA-0ADBF7A9D96D}.Release|Any CPU.ActiveCfg = Release|Any CPU
		{9C4E4344-5738-43E6-92DA-0ADBF7A9D96D}.Release|Any CPU.Build.0 = Release|Any CPU
		{408F76FD-9447-40E2-A661-4106EC5E24D2}.Debug|Any CPU.ActiveCfg = Debug|Any CPU
		{408F76FD-9447-40E2-A661-4106EC5E24D2}.Debug|Any CPU.Build.0 = Debug|Any CPU
		{408F76FD-9447-40E2-A661-4106EC5E24D2}.Release|Any CPU.ActiveCfg = Release|Any CPU
		{408F76FD-9447-40E2-A661-4106EC5E24D2}.Release|Any CPU.Build.0 = Release|Any CPU
		{94C5DE6F-1887-4B78-8EA7-B845FBDDF79F}.Debug|Any CPU.ActiveCfg = Debug|Any CPU
		{94C5DE6F-1887-4B78-8EA7-B845FBDDF79F}.Debug|Any CPU.Build.0 = Debug|Any CPU
		{94C5DE6F-1887-4B78-8EA7-B845FBDDF79F}.Release|Any CPU.ActiveCfg = Release|Any CPU
		{94C5DE6F-1887-4B78-8EA7-B845FBDDF79F}.Release|Any CPU.Build.0 = Release|Any CPU
	EndGlobalSection
	GlobalSection(SolutionProperties) = preSolution
		HideSolutionNode = FALSE
	EndGlobalSection
	GlobalSection(NestedProjects) = preSolution
		{0B7DD2C3-FE27-4C12-922A-B43FED78571A} = {830EFE30-38C3-41FD-B111-2AA57DF3CF72}
		{6A1C8BAE-7352-42B6-B120-BFDE5A77443B} = {FF7740AA-347C-438A-80D3-0348436C1D0F}
		{20CC51BA-1C16-41F9-8F19-1EB82F22720E} = {6A1C8BAE-7352-42B6-B120-BFDE5A77443B}
		{F40C5EA5-6C88-4923-8748-E24535EF5E2B} = {1B7BF33D-9F25-4871-9159-C35F90C75C6D}
		{4550CE0B-79FB-4CBB-A7FF-75F35DFDF7EB} = {1B7BF33D-9F25-4871-9159-C35F90C75C6D}
		{7C74DB6E-CABA-46BE-915E-17D829E220F0} = {FF7740AA-347C-438A-80D3-0348436C1D0F}
		{49448D49-1E4E-44BD-9154-BF1F813C6586} = {FF7740AA-347C-438A-80D3-0348436C1D0F}
		{598FE09E-1AAE-4E07-8AC1-DD102EB954BE} = {49448D49-1E4E-44BD-9154-BF1F813C6586}
		{5447ED44-561D-4484-A33E-F9E72C05CBF4} = {49448D49-1E4E-44BD-9154-BF1F813C6586}
		{3E1F7C94-F24B-4063-8548-80B643737A32} = {FF7740AA-347C-438A-80D3-0348436C1D0F}
		{9C4E4344-5738-43E6-92DA-0ADBF7A9D96D} = {3E1F7C94-F24B-4063-8548-80B643737A32}
		{F55BA1A3-9B63-4D3C-9177-1D1BBF1E47F2} = {D188CF39-785B-40F4-A849-5F5723171001}
		{408F76FD-9447-40E2-A661-4106EC5E24D2} = {F55BA1A3-9B63-4D3C-9177-1D1BBF1E47F2}
		{94C5DE6F-1887-4B78-8EA7-B845FBDDF79F} = {F55BA1A3-9B63-4D3C-9177-1D1BBF1E47F2}
	EndGlobalSection
	GlobalSection(ExtensibilityGlobals) = postSolution
		SolutionGuid = {42984716-2FEB-4E3C-A18E-A95B3B0118A2}
	EndGlobalSection
EndGlobal
